
Microsoft Visual Studio Solution File, Format Version 12.00
# Visual Studio Version 16
VisualStudioVersion = 16.0.30406.217
MinimumVisualStudioVersion = 10.0.40219.1
Project("{FAE04EC0-301F-11D3-BF4B-00C04F79EFBC}") = "CreateWebapp", "CreateWebapp.csproj", "{EFE3416F-8384-4B23-B227-B5E94DCA7FAD}"
EndProject
Global
	GlobalSection(SolutionConfigurationPlatforms) = preSolution
		Debug|Any CPU = Debug|Any CPU
		Release|Any CPU = Release|Any CPU
	EndGlobalSection
	GlobalSection(ProjectConfigurationPlatforms) = postSolution
		{EFE3416F-8384-4B23-B227-B5E94DCA7FAD}.Debug|Any CPU.ActiveCfg = Debug|Any CPU
		{EFE3416F-8384-4B23-B227-B5E94DCA7FAD}.Debug|Any CPU.Build.0 = Debug|Any CPU
		{EFE3416F-8384-4B23-B227-B5E94DCA7FAD}.Release|Any CPU.ActiveCfg = Release|Any CPU
		{EFE3416F-8384-4B23-B227-B5E94DCA7FAD}.Release|Any CPU.Build.0 = Release|Any CPU
	EndGlobalSection
	GlobalSection(SolutionProperties) = preSolution
		HideSolutionNode = FALSE
	EndGlobalSection
	GlobalSection(ExtensibilityGlobals) = postSolution
		SolutionGuid = {0F5BD1B5-B96B-4BAF-A708-36A97AC992FA}
	EndGlobalSection
EndGlobal
